PODS:
  - Alamofire (5.0.0-rc.1)
  - Realm (3.17.3):
    - Realm/Headers (= 3.17.3)
  - Realm/Headers (3.17.3)
  - RealmSwift (3.17.3):
    - Realm (= 3.17.3)

DEPENDENCIES:
  - Alamofire (~> 5.0.0-rc.1)
  - RealmSwift

SPEC REPOS:
  https://github.com/cocoapods/specs.git:
    - Alamofire
    - Realm
    - RealmSwift

SPEC CHECKSUMS:
  Alamofire: b752289c6040d77e9738610c9080276f18276842
  Realm: 5a1d9d47bfc101dd597668b1a8af4288a2557f6d
  RealmSwift: b7fdc2d18616621c31df5c7a398a45a2163f8eb0

PODFILE CHECKSUM: 0334b4d1e9b2f1ccfde35cacec0d6f4cab8f4d2a

COCOAPODS: 1.6.1
